<?xml version="1.0" encoding="UTF-8" standalone="yes" ?>
<CodeBlocks_project_file>
	<FileVersion major="1" minor="6" />
	<Project>
		<Option title="QuanLiNguoiDung" />
		<Option pch_mode="2" />
		<Option compiler="gcc" />
		<Build>
			<Target title="Debug">
				<Option output="bin/Debug/QuanLiNguoiDung" prefix_auto="1" extension_auto="1" />
				<Option object_output="obj/Debug/" />
				<Option type="1" />
				<Option compiler="gcc" />
				<Compiler>
					<Add option="-g" />
				</Compiler>
			</Target>
			<Target title="Release">
				<Option output="bin/Release/QuanLiNguoiDung" prefix_auto="1" extension_auto="1" />
				<Option object_output="obj/Release/" />
				<Option type="1" />
				<Option compiler="gcc" />
				<Compiler>
					<Add option="-O2" />
				</Compiler>
				<Linker>
					<Add option="-s" />
				</Linker>
			</Target>
		</Build>
		<Compiler>
			<Add option="-Wall" />
			<Add option="-fexceptions" />
		</Compiler>
		<Unit filename="Fkkk.cpp" />
		<Unit filename="Fkkk.h" />
		<Unit filename="danhSach_NguoiDung_TaiKhoan.cpp" />
		<Unit filename="danhSach_NguoiDung_TaiKhoan.h" />
		<Unit filename="function.cpp" />
		<Unit filename="function.h" />
		<Unit filename="main.cpp" />
		<Unit filename="mo_khoa_TaiKhoan.cpp" />
		<Unit filename="mo_khoa_TaiKhoan.h" />
		<Unit filename="themTaiKhoan.cpp" />
		<Unit filename="themTaiKhoan.h" />
		<Unit filename="tinKiem_TaiKhoan.cpp" />
		<Unit filename="tinKiem_TaiKhoan.h" />
		<Unit filename="tuychon.cpp" />
		<Unit filename="tuychon.h" />
		<Unit filename="xoa_TaiKhoan.cpp" />
		<Unit filename="xoa_TaiKhoan.h" />
		<Extensions>
			<code_completion />
			<envvars />
			<debugger />
			<lib_finder disable_auto="1" />
		</Extensions>
	</Project>
</CodeBlocks_project_file>
